
Microsoft Visual Studio Solution File, Format Version 12.00
# Visual Studio Version 17
VisualStudioVersion = 17.14.36518.9
MinimumVisualStudioVersion = 10.0.40219.1
Project("{2150E333-8FDC-42A3-9474-1A3956D46DE8}") = "Task0", "Task0", "{02EA681E-C7D8-13C7-8484-4AC65E1B71E8}"
EndProject
Project("{FAE04EC0-301F-11D3-BF4B-00C04F79EFBC}") = "Tyuiu.GroshevID.Sprint4.Task0.V5", "Tyuiu.GroshevID.Sprint4.Task0.V5\Tyuiu.GroshevID.Sprint4.Task0.V5.csproj", "{5D39A1A2-E778-4F48-A3FE-BA93E9FC6C6D}"
EndProject
Project("{FAE04EC0-301F-11D3-BF4B-00C04F79EFBC}") = "Tyuiu.GroshevID.Sprint4.Task0.V5.Lib", "Tyuiu.GroshevID.Sprint4.Task0.V5.Lib\Tyuiu.GroshevID.Sprint4.Task0.V5.Lib.csproj", "{B039AA1C-6024-4967-B616-D717F7F9FE41}"
EndProject
Project("{FAE04EC0-301F-11D3-BF4B-00C04F79EFBC}") = "Tyuiu.GroshevID.Sprint4.Task0.V5.Test", "Tyuiu.GroshevID.Sprint4.Task0.V5.Test\Tyuiu.GroshevID.Sprint4.Task0.V5.Test.csproj", "{6BC6F34A-7C18-4F8B-83B2-0CCCC38B69C8}"
EndProject
Project("{2150E333-8FDC-42A3-9474-1A3956D46DE8}") = "Task1", "Task1", "{96DECC9F-3167-4A80-9216-4B57FE5784E2}"
EndProject
Project("{FAE04EC0-301F-11D3-BF4B-00C04F79EFBC}") = "Tyuiu.GroshevID.Sprint4.Task1.V5", "Tyuiu.GroshevID.Sprint4.Task1.V5\Tyuiu.GroshevID.Sprint4.Task1.V5.csproj", "{C5F8D806-D61D-46F4-8548-28C0E8D3667D}"
EndProject
Project("{FAE04EC0-301F-11D3-BF4B-00C04F79EFBC}") = "Tyuiu.GroshevID.Sprint4.Task1.V5.Lib", "Tyuiu.GroshevID.Sprint4.Task1.V5.Lib\Tyuiu.GroshevID.Sprint4.Task1.V5.Lib.csproj", "{D76EBADE-91B1-4FEC-93F9-42AAEADD5364}"
EndProject
Project("{FAE04EC0-301F-11D3-BF4B-00C04F79EFBC}") = "Tyuiu.GroshevID.Sprint4.Task1.V5.Test", "Tyuiu.GroshevID.Sprint4.Task1.V5.Test\Tyuiu.GroshevID.Sprint4.Task1.V5.Test.csproj", "{1D87841E-921B-41BB-8927-7B593D7CB81F}"
EndProject
Project("{2150E333-8FDC-42A3-9474-1A3956D46DE8}") = "Task2", "Task2", "{712C1038-BFAE-413B-ABB8-84F86A703F63}"
EndProject
Project("{FAE04EC0-301F-11D3-BF4B-00C04F79EFBC}") = "Tyuiu.GroshevID.Sprint4.Task2.V6", "Tyuiu.GroshevID.Sprint4.Task2.V6\Tyuiu.GroshevID.Sprint4.Task2.V6.csproj", "{B1D1659F-2221-42C2-BF8E-0A17AE7EA715}"
EndProject
Project("{FAE04EC0-301F-11D3-BF4B-00C04F79EFBC}") = "Tyuiu.GroshevID.Sprint4.Task2.V6.Lib", "Tyuiu.GroshevID.Sprint4.Task2.V6.Lib\Tyuiu.GroshevID.Sprint4.Task2.V6.Lib.csproj", "{F7176FBC-B6BC-41F1-80DA-3F71B221077B}"
EndProject
Project("{FAE04EC0-301F-11D3-BF4B-00C04F79EFBC}") = "Tyuiu.GroshevID.Sprint4.Task2.V6.Test", "Tyuiu.GroshevID.Sprint4.Task2.V6.Test\Tyuiu.GroshevID.Sprint4.Task2.V6.Test.csproj", "{CB606C7D-37B5-42EF-9031-3A8DDBD1D2E4}"
EndProject
Project("{2150E333-8FDC-42A3-9474-1A3956D46DE8}") = "Task3", "Task3", "{961548BC-FFBB-4F80-A733-CC53295A3AA6}"
EndProject
Project("{FAE04EC0-301F-11D3-BF4B-00C04F79EFBC}") = "Tyuiu.GroshevID.Sprint4.Task3.V13", "Tyuiu.GroshevID.Sprint4.Task3.V13\Tyuiu.GroshevID.Sprint4.Task3.V13.csproj", "{AB9C5D0F-6D10-4BB8-AD5C-70CC3D79DF61}"
EndProject
Project("{FAE04EC0-301F-11D3-BF4B-00C04F79EFBC}") = "Tyuiu.GroshevID.Sprint4.Task3.V13.Lib", "Tyuiu.GroshevID.Sprint4.Task3.V13.Lib\Tyuiu.GroshevID.Sprint4.Task3.V13.Lib.csproj", "{38973D63-A49C-408D-B9C3-545C88ADE6E5}"
EndProject
Project("{FAE04EC0-301F-11D3-BF4B-00C04F79EFBC}") = "Tyuiu.GroshevID.Sprint4.Task3.V13.Test", "Tyuiu.GroshevID.Sprint4.Task3.V13.Test\Tyuiu.GroshevID.Sprint4.Task3.V13.Test.csproj", "{CBA6CB81-CAD7-46B4-B25E-C22AF6BEEC00}"
EndProject
Project("{2150E333-8FDC-42A3-9474-1A3956D46DE8}") = "Test", "Test", "{117642C9-DB61-4C29-9BFD-1D5A605FB16B}"
EndProject
Project("{FAE04EC0-301F-11D3-BF4B-00C04F79EFBC}") = "TestApp", "TestApp\TestApp.csproj", "{40803AF6-0059-408D-A05E-B1CAE10A82EC}"
EndProject
Project("{2150E333-8FDC-42A3-9474-1A3956D46DE8}") = "Task4", "Task4", "{94710C0E-6CD3-4580-B195-2CBAF3AE4354}"
EndProject
Project("{FAE04EC0-301F-11D3-BF4B-00C04F79EFBC}") = "Tyuiu.GroshevID.Sprint4.Task4.V24", "Tyuiu.GroshevID.Sprint4.Task4.V24\Tyuiu.GroshevID.Sprint4.Task4.V24.csproj", "{6F5E9004-C20A-40CB-97C1-D7F1D17FB6EC}"
EndProject
Project("{FAE04EC0-301F-11D3-BF4B-00C04F79EFBC}") = "Tyuiu.GroshevID.Sprint4.Task4.V24.Lib", "Tyuiu.GroshevID.Sprint4.Task4.V24.Lib\Tyuiu.GroshevID.Sprint4.Task4.V24.Lib.csproj", "{32B4E0FD-92BF-457C-8ED3-FF250FBFC6C8}"
EndProject
Project("{FAE04EC0-301F-11D3-BF4B-00C04F79EFBC}") = "Tyuiu.GroshevID.Sprint4.Task4.V24.Test", "Tyuiu.GroshevID.Sprint4.Task4.V24.Test\Tyuiu.GroshevID.Sprint4.Task4.V24.Test.csproj", "{ACE65C39-F2CD-4078-B3A1-27B0A6F78C69}"
EndProject
Project("{2150E333-8FDC-42A3-9474-1A3956D46DE8}") = "Task5", "Task5", "{AF0CA2D6-DE9A-45BC-A154-4B169C387E85}"
EndProject
Project("{FAE04EC0-301F-11D3-BF4B-00C04F79EFBC}") = "Tyuiu.GroshevID.Sprint4.Task5.V20", "Tyuiu.GroshevID.Sprint4.Task5.V20\Tyuiu.GroshevID.Sprint4.Task5.V20.csproj", "{3AAC6373-3FE7-46BA-B059-12927206D8E9}"
EndProject
Project("{FAE04EC0-301F-11D3-BF4B-00C04F79EFBC}") = "Tyuiu.GroshevID.Sprint4.Task5.V20.Lib", "Tyuiu.GroshevID.Sprint4.Task5.V20.Lib\Tyuiu.GroshevID.Sprint4.Task5.V20.Lib.csproj", "{EA507AEE-9E54-4A5C-9FE1-354312108178}"
EndProject
Project("{FAE04EC0-301F-11D3-BF4B-00C04F79EFBC}") = "Tyuiu.GroshevID.Sprint4.Task5.V20.Test", "Tyuiu.GroshevID.Sprint4.Task5.V20.Test\Tyuiu.GroshevID.Sprint4.Task5.V20.Test.csproj", "{7880AF0C-993B-47DB-BAC8-7D672B02818E}"
EndProject
Global
	GlobalSection(SolutionConfigurationPlatforms) = preSolution
		Debug|Any CPU = Debug|Any CPU
		Release|Any CPU = Release|Any CPU
	EndGlobalSection
	GlobalSection(ProjectConfigurationPlatforms) = postSolution
		{5D39A1A2-E778-4F48-A3FE-BA93E9FC6C6D}.Debug|Any CPU.ActiveCfg = Debug|Any CPU
		{5D39A1A2-E778-4F48-A3FE-BA93E9FC6C6D}.Debug|Any CPU.Build.0 = Debug|Any CPU
		{5D39A1A2-E778-4F48-A3FE-BA93E9FC6C6D}.Release|Any CPU.ActiveCfg = Release|Any CPU
		{5D39A1A2-E778-4F48-A3FE-BA93E9FC6C6D}.Release|Any CPU.Build.0 = Release|Any CPU
		{B039AA1C-6024-4967-B616-D717F7F9FE41}.Debug|Any CPU.ActiveCfg = Debug|Any CPU
		{B039AA1C-6024-4967-B616-D717F7F9FE41}.Debug|Any CPU.Build.0 = Debug|Any CPU
		{B039AA1C-6024-4967-B616-D717F7F9FE41}.Release|Any CPU.ActiveCfg = Release|Any CPU
		{B039AA1C-6024-4967-B616-D717F7F9FE41}.Release|Any CPU.Build.0 = Release|Any CPU
		{6BC6F34A-7C18-4F8B-83B2-0CCCC38B69C8}.Debug|Any CPU.ActiveCfg = Debug|Any CPU
		{6BC6F34A-7C18-4F8B-83B2-0CCCC38B69C8}.Debug|Any CPU.Build.0 = Debug|Any CPU
		{6BC6F34A-7C18-4F8B-83B2-0CCCC38B69C8}.Release|Any CPU.ActiveCfg = Release|Any CPU
		{6BC6F34A-7C18-4F8B-83B2-0CCCC38B69C8}.Release|Any CPU.Build.0 = Release|Any CPU
		{C5F8D806-D61D-46F4-8548-28C0E8D3667D}.Debug|Any CPU.ActiveCfg = Debug|Any CPU
		{C5F8D806-D61D-46F4-8548-28C0E8D3667D}.Debug|Any CPU.Build.0 = Debug|Any CPU
		{C5F8D806-D61D-46F4-8548-28C0E8D3667D}.Release|Any CPU.ActiveCfg = Release|Any CPU
		{C5F8D806-D61D-46F4-8548-28C0E8D3667D}.Release|Any CPU.Build.0 = Release|Any CPU
		{D76EBADE-91B1-4FEC-93F9-42AAEADD5364}.Debug|Any CPU.ActiveCfg = Debug|Any CPU
		{D76EBADE-91B1-4FEC-93F9-42AAEADD5364}.Debug|Any CPU.Build.0 = Debug|Any CPU
		{D76EBADE-91B1-4FEC-93F9-42AAEADD5364}.Release|Any CPU.ActiveCfg = Release|Any CPU
		{D76EBADE-91B1-4FEC-93F9-42AAEADD5364}.Release|Any CPU.Build.0 = Release|Any CPU
		{1D87841E-921B-41BB-8927-7B593D7CB81F}.Debug|Any CPU.ActiveCfg = Debug|Any CPU
		{1D87841E-921B-41BB-8927-7B593D7CB81F}.Debug|Any CPU.Build.0 = Debug|Any CPU
		{1D87841E-921B-41BB-8927-7B593D7CB81F}.Release|Any CPU.ActiveCfg = Release|Any CPU
		{1D87841E-921B-41BB-8927-7B593D7CB81F}.Release|Any CPU.Build.0 = Release|Any CPU
		{B1D1659F-2221-42C2-BF8E-0A17AE7EA715}.Debug|Any CPU.ActiveCfg = Debug|Any CPU
		{B1D1659F-2221-42C2-BF8E-0A17AE7EA715}.Debug|Any CPU.Build.0 = Debug|Any CPU
		{B1D1659F-2221-42C2-BF8E-0A17AE7EA715}.Release|Any CPU.ActiveCfg = Release|Any CPU
		{B1D1659F-2221-42C2-BF8E-0A17AE7EA715}.Release|Any CPU.Build.0 = Release|Any CPU
		{F7176FBC-B6BC-41F1-80DA-3F71B221077B}.Debug|Any CPU.ActiveCfg = Debug|Any CPU
		{F7176FBC-B6BC-41F1-80DA-3F71B221077B}.Debug|Any CPU.Build.0 = Debug|Any CPU
		{F7176FBC-B6BC-41F1-80DA-3F71B221077B}.Release|Any CPU.ActiveCfg = Release|Any CPU
		{F7176FBC-B6BC-41F1-80DA-3F71B221077B}.Release|Any CPU.Build.0 = Release|Any CPU
		{CB606C7D-37B5-42EF-9031-3A8DDBD1D2E4}.Debug|Any CPU.ActiveCfg = Debug|Any CPU
		{CB606C7D-37B5-42EF-9031-3A8DDBD1D2E4}.Debug|Any CPU.Build.0 = Debug|Any CPU
		{CB606C7D-37B5-42EF-9031-3A8DDBD1D2E4}.Release|Any CPU.ActiveCfg = Release|Any CPU
		{CB606C7D-37B5-42EF-9031-3A8DDBD1D2E4}.Release|Any CPU.Build.0 = Release|Any CPU
		{AB9C5D0F-6D10-4BB8-AD5C-70CC3D79DF61}.Debug|Any CPU.ActiveCfg = Debug|Any CPU
		{AB9C5D0F-6D10-4BB8-AD5C-70CC3D79DF61}.Debug|Any CPU.Build.0 = Debug|Any CPU
		{AB9C5D0F-6D10-4BB8-AD5C-70CC3D79DF61}.Release|Any CPU.ActiveCfg = Release|Any CPU
		{AB9C5D0F-6D10-4BB8-AD5C-70CC3D79DF61}.Release|Any CPU.Build.0 = Release|Any CPU
		{38973D63-A49C-408D-B9C3-545C88ADE6E5}.Debug|Any CPU.ActiveCfg = Debug|Any CPU
		{38973D63-A49C-408D-B9C3-545C88ADE6E5}.Debug|Any CPU.Build.0 = Debug|Any CPU
		{38973D63-A49C-408D-B9C3-545C88ADE6E5}.Release|Any CPU.ActiveCfg = Release|Any CPU
		{38973D63-A49C-408D-B9C3-545C88ADE6E5}.Release|Any CPU.Build.0 = Release|Any CPU
		{CBA6CB81-CAD7-46B4-B25E-C22AF6BEEC00}.Debug|Any CPU.ActiveCfg = Debug|Any CPU
		{CBA6CB81-CAD7-46B4-B25E-C22AF6BEEC00}.Debug|Any CPU.Build.0 = Debug|Any CPU
		{CBA6CB81-CAD7-46B4-B25E-C22AF6BEEC00}.Release|Any CPU.ActiveCfg = Release|Any CPU
		{CBA6CB81-CAD7-46B4-B25E-C22AF6BEEC00}.Release|Any CPU.Build.0 = Release|Any CPU
		{40803AF6-0059-408D-A05E-B1CAE10A82EC}.Debug|Any CPU.ActiveCfg = Debug|Any CPU
		{40803AF6-0059-408D-A05E-B1CAE10A82EC}.Debug|Any CPU.Build.0 = Debug|Any CPU
		{40803AF6-0059-408D-A05E-B1CAE10A82EC}.Release|Any CPU.ActiveCfg = Release|Any CPU
		{40803AF6-0059-408D-A05E-B1CAE10A82EC}.Release|Any CPU.Build.0 = Release|Any CPU
		{6F5E9004-C20A-40CB-97C1-D7F1D17FB6EC}.Debug|Any CPU.ActiveCfg = Debug|Any CPU
		{6F5E9004-C20A-40CB-97C1-D7F1D17FB6EC}.Debug|Any CPU.Build.0 = Debug|Any CPU
		{6F5E9004-C20A-40CB-97C1-D7F1D17FB6EC}.Release|Any CPU.ActiveCfg = Release|Any CPU
		{6F5E9004-C20A-40CB-97C1-D7F1D17FB6EC}.Release|Any CPU.Build.0 = Release|Any CPU
		{32B4E0FD-92BF-457C-8ED3-FF250FBFC6C8}.Debug|Any CPU.ActiveCfg = Debug|Any CPU
		{32B4E0FD-92BF-457C-8ED3-FF250FBFC6C8}.Debug|Any CPU.Build.0 = Debug|Any CPU
		{32B4E0FD-92BF-457C-8ED3-FF250FBFC6C8}.Release|Any CPU.ActiveCfg = Release|Any CPU
		{32B4E0FD-92BF-457C-8ED3-FF250FBFC6C8}.Release|Any CPU.Build.0 = Release|Any CPU
		{ACE65C39-F2CD-4078-B3A1-27B0A6F78C69}.Debug|Any CPU.ActiveCfg = Debug|Any CPU
		{ACE65C39-F2CD-4078-B3A1-27B0A6F78C69}.Debug|Any CPU.Build.0 = Debug|Any CPU
		{ACE65C39-F2CD-4078-B3A1-27B0A6F78C69}.Release|Any CPU.ActiveCfg = Release|Any CPU
		{ACE65C39-F2CD-4078-B3A1-27B0A6F78C69}.Release|Any CPU.Build.0 = Release|Any CPU
		{3AAC6373-3FE7-46BA-B059-12927206D8E9}.Debug|Any CPU.ActiveCfg = Debug|Any CPU
		{3AAC6373-3FE7-46BA-B059-12927206D8E9}.Debug|Any CPU.Build.0 = Debug|Any CPU
		{3AAC6373-3FE7-46BA-B059-12927206D8E9}.Release|Any CPU.ActiveCfg = Release|Any CPU
		{3AAC6373-3FE7-46BA-B059-12927206D8E9}.Release|Any CPU.Build.0 = Release|Any CPU
		{EA507AEE-9E54-4A5C-9FE1-354312108178}.Debug|Any CPU.ActiveCfg = Debug|Any CPU
		{EA507AEE-9E54-4A5C-9FE1-354312108178}.Debug|Any CPU.Build.0 = Debug|Any CPU
		{EA507AEE-9E54-4A5C-9FE1-354312108178}.Release|Any CPU.ActiveCfg = Release|Any CPU
		{EA507AEE-9E54-4A5C-9FE1-354312108178}.Release|Any CPU.Build.0 = Release|Any CPU
		{7880AF0C-993B-47DB-BAC8-7D672B02818E}.Debug|Any CPU.ActiveCfg = Debug|Any CPU
		{7880AF0C-993B-47DB-BAC8-7D672B02818E}.Debug|Any CPU.Build.0 = Debug|Any CPU
		{7880AF0C-993B-47DB-BAC8-7D672B02818E}.Release|Any CPU.ActiveCfg = Release|Any CPU
		{7880AF0C-993B-47DB-BAC8-7D672B02818E}.Release|Any CPU.Build.0 = Release|Any CPU
	EndGlobalSection
	GlobalSection(SolutionProperties) = preSolution
		HideSolutionNode = FALSE
	EndGlobalSection
	GlobalSection(NestedProjects) = preSolution
		{5D39A1A2-E778-4F48-A3FE-BA93E9FC6C6D} = {02EA681E-C7D8-13C7-8484-4AC65E1B71E8}
		{B039AA1C-6024-4967-B616-D717F7F9FE41} = {02EA681E-C7D8-13C7-8484-4AC65E1B71E8}
		{6BC6F34A-7C18-4F8B-83B2-0CCCC38B69C8} = {02EA681E-C7D8-13C7-8484-4AC65E1B71E8}
		{C5F8D806-D61D-46F4-8548-28C0E8D3667D} = {96DECC9F-3167-4A80-9216-4B57FE5784E2}
		{D76EBADE-91B1-4FEC-93F9-42AAEADD5364} = {96DECC9F-3167-4A80-9216-4B57FE5784E2}
		{1D87841E-921B-41BB-8927-7B593D7CB81F} = {96DECC9F-3167-4A80-9216-4B57FE5784E2}
		{B1D1659F-2221-42C2-BF8E-0A17AE7EA715} = {712C1038-BFAE-413B-ABB8-84F86A703F63}
		{F7176FBC-B6BC-41F1-80DA-3F71B221077B} = {712C1038-BFAE-413B-ABB8-84F86A703F63}
		{CB606C7D-37B5-42EF-9031-3A8DDBD1D2E4} = {712C1038-BFAE-413B-ABB8-84F86A703F63}
		{AB9C5D0F-6D10-4BB8-AD5C-70CC3D79DF61} = {961548BC-FFBB-4F80-A733-CC53295A3AA6}
		{38973D63-A49C-408D-B9C3-545C88ADE6E5} = {961548BC-FFBB-4F80-A733-CC53295A3AA6}
		{CBA6CB81-CAD7-46B4-B25E-C22AF6BEEC00} = {961548BC-FFBB-4F80-A733-CC53295A3AA6}
		{40803AF6-0059-408D-A05E-B1CAE10A82EC} = {117642C9-DB61-4C29-9BFD-1D5A605FB16B}
		{6F5E9004-C20A-40CB-97C1-D7F1D17FB6EC} = {94710C0E-6CD3-4580-B195-2CBAF3AE4354}
		{32B4E0FD-92BF-457C-8ED3-FF250FBFC6C8} = {94710C0E-6CD3-4580-B195-2CBAF3AE4354}
		{ACE65C39-F2CD-4078-B3A1-27B0A6F78C69} = {94710C0E-6CD3-4580-B195-2CBAF3AE4354}
		{3AAC6373-3FE7-46BA-B059-12927206D8E9} = {AF0CA2D6-DE9A-45BC-A154-4B169C387E85}
		{EA507AEE-9E54-4A5C-9FE1-354312108178} = {AF0CA2D6-DE9A-45BC-A154-4B169C387E85}
		{7880AF0C-993B-47DB-BAC8-7D672B02818E} = {AF0CA2D6-DE9A-45BC-A154-4B169C387E85}
	EndGlobalSection
	GlobalSection(ExtensibilityGlobals) = postSolution
		SolutionGuid = {5003588E-F52D-40DF-9F8E-4A0C1CCA1518}
	EndGlobalSection
EndGlobal
